
Microsoft Visual Studio Solution File, Format Version 12.00
# Visual Studio Version 16
VisualStudioVersion = 16.0.29102.190
MinimumVisualStudioVersion = 10.0.40219.1
Project("{FAE04EC0-301F-11D3-BF4B-00C04F79EFBC}") = "ODataConsoleClientApplication", "ODataConsoleClientApplication\ODataConsoleClientApplication.csproj", "{6495B058-F727-4692-9726-93E293E42A9B}"
EndProject
Global
	GlobalSection(SolutionConfigurationPlatforms) = preSolution
		Debug|Any CPU = Debug|Any CPU
		Release|Any CPU = Release|Any CPU
	EndGlobalSection
	GlobalSection(ProjectConfigurationPlatforms) = postSolution
		{6495B058-F727-4692-9726-93E293E42A9B}.Debug|Any CPU.ActiveCfg = Debug|Any CPU
		{6495B058-F727-4692-9726-93E293E42A9B}.Debug|Any CPU.Build.0 = Debug|Any CPU
		{6495B058-F727-4692-9726-93E293E42A9B}.Release|Any CPU.ActiveCfg = Release|Any CPU
		{6495B058-F727-4692-9726-93E293E42A9B}.Release|Any CPU.Build.0 = Release|Any CPU
	EndGlobalSection
	GlobalSection(SolutionProperties) = preSolution
		HideSolutionNode = FALSE
	EndGlobalSection
	GlobalSection(ExtensibilityGlobals) = postSolution
		SolutionGuid = {5E6C4DF2-7C40-448B-B04C-AAB70E894190}
	EndGlobalSection
EndGlobal
